
Microsoft Visual Studio Solution File, Format Version 12.00
# Visual Studio Version 16
VisualStudioVersion = 16.0.30907.101
MinimumVisualStudioVersion = 10.0.40219.1
Project("{FAE04EC0-301F-11D3-BF4B-00C04F79EFBC}") = "zfxApi", "zfxApi.csproj", "{2802A778-535D-4F3B-BD92-82E3E7CD1FEC}"
EndProject
Global
	GlobalSection(SolutionConfigurationPlatforms) = preSolution
		Debug|Any CPU = Debug|Any CPU
		Release|Any CPU = Release|Any CPU
	EndGlobalSection
	GlobalSection(ProjectConfigurationPlatforms) = postSolution
		{2802A778-535D-4F3B-BD92-82E3E7CD1FEC}.Debug|Any CPU.ActiveCfg = Debug|Any CPU
		{2802A778-535D-4F3B-BD92-82E3E7CD1FEC}.Debug|Any CPU.Build.0 = Debug|Any CPU
		{2802A778-535D-4F3B-BD92-82E3E7CD1FEC}.Release|Any CPU.ActiveCfg = Release|Any CPU
		{2802A778-535D-4F3B-BD92-82E3E7CD1FEC}.Release|Any CPU.Build.0 = Release|Any CPU
	EndGlobalSection
	GlobalSection(SolutionProperties) = preSolution
		HideSolutionNode = FALSE
	EndGlobalSection
	GlobalSection(ExtensibilityGlobals) = postSolution
		SolutionGuid = {D681E9CA-F523-4DEC-A9B4-2302A8B02EE6}
	EndGlobalSection
EndGlobal
